{
  "name": "@officespacesoftware/versioner",
  "version": "1.0.1",
  "lockfileVersion": 3,
  "requires": true,
  "packages": {
    "": {
      "name": "@officespacesoftware/versioner",
      "version": "1.0.1",
      "license": "MIT",
      "bin": {
        "versioner": "bin/versioner"
      },
      "engines": {
        "node": ">=14.0.0"
      }
    }
  }
}
